
Microsoft Visual Studio Solution File, Format Version 12.00
# Visual Studio 15
Project("{FAE04EC0-301F-11D3-BF4B-00C04F79EFBC}") = "Practice", "ThisIsATest\Practice.csproj", "{AF5134EB-4E61-41A3-AFB5-5426FE16A24A}"
EndProject
Global
	GlobalSection(SolutionConfigurationPlatforms) = preSolution
		Debug|anycpu = Debug|anycpu
		Release|anycpu = Release|anycpu
	EndGlobalSection
	GlobalSection(ProjectConfigurationPlatforms) = postSolution
		{AF5134EB-4E61-41A3-AFB5-5426FE16A24A}.Debug|anycpu.ActiveCfg = Debug|anycpu
		{AF5134EB-4E61-41A3-AFB5-5426FE16A24A}.Debug|anycpu.Build.0 = Debug|anycpu
		{AF5134EB-4E61-41A3-AFB5-5426FE16A24A}.Release|anycpu.ActiveCfg = Release|anycpu
		{AF5134EB-4E61-41A3-AFB5-5426FE16A24A}.Release|anycpu.Build.0 = Release|anycpu
	EndGlobalSection
EndGlobal
